
Microsoft Visual Studio Solution File, Format Version 12.00
# Visual Studio Version 17
VisualStudioVersion = 17.5.33414.496
MinimumVisualStudioVersion = 10.0.40219.1
Project("{9A19103F-16F7-4668-BE54-9A1E7A4F7556}") = "CI", "CI\CI.csproj", "{58394F7D-C4CA-4B64-868F-D28B2AEE9958}"
EndProject
Project("{9A19103F-16F7-4668-BE54-9A1E7A4F7556}") = "CI Entity", "CI Entity\CI Entity.csproj", "{7C1BDEC4-87E7-46FD-89E2-30CDAD1FECEC}"
EndProject
Project("{FAE04EC0-301F-11D3-BF4B-00C04F79EFBC}") = "CI.Repository", "CI.Repository\CI.Repository.csproj", "{DD291A62-A99A-4F59-BFCA-7A6719A04303}"
EndProject
Global
	GlobalSection(SolutionConfigurationPlatforms) = preSolution
		Debug|Any CPU = Debug|Any CPU
		Release|Any CPU = Release|Any CPU
	EndGlobalSection
	GlobalSection(ProjectConfigurationPlatforms) = postSolution
		{58394F7D-C4CA-4B64-868F-D28B2AEE9958}.Debug|Any CPU.ActiveCfg = Debug|Any CPU
		{58394F7D-C4CA-4B64-868F-D28B2AEE9958}.Debug|Any CPU.Build.0 = Debug|Any CPU
		{58394F7D-C4CA-4B64-868F-D28B2AEE9958}.Release|Any CPU.ActiveCfg = Release|Any CPU
		{58394F7D-C4CA-4B64-868F-D28B2AEE9958}.Release|Any CPU.Build.0 = Release|Any CPU
		{7C1BDEC4-87E7-46FD-89E2-30CDAD1FECEC}.Debug|Any CPU.ActiveCfg = Debug|Any CPU
		{7C1BDEC4-87E7-46FD-89E2-30CDAD1FECEC}.Debug|Any CPU.Build.0 = Debug|Any CPU
		{7C1BDEC4-87E7-46FD-89E2-30CDAD1FECEC}.Release|Any CPU.ActiveCfg = Release|Any CPU
		{7C1BDEC4-87E7-46FD-89E2-30CDAD1FECEC}.Release|Any CPU.Build.0 = Release|Any CPU
		{DD291A62-A99A-4F59-BFCA-7A6719A04303}.Debug|Any CPU.ActiveCfg = Debug|Any CPU
		{DD291A62-A99A-4F59-BFCA-7A6719A04303}.Debug|Any CPU.Build.0 = Debug|Any CPU
		{DD291A62-A99A-4F59-BFCA-7A6719A04303}.Release|Any CPU.ActiveCfg = Release|Any CPU
		{DD291A62-A99A-4F59-BFCA-7A6719A04303}.Release|Any CPU.Build.0 = Release|Any CPU
	EndGlobalSection
	GlobalSection(SolutionProperties) = preSolution
		HideSolutionNode = FALSE
	EndGlobalSection
	GlobalSection(ExtensibilityGlobals) = postSolution
		SolutionGuid = {88FA52FD-2E12-435F-9A82-C1FF472CDE29}
	EndGlobalSection
EndGlobal
